
Microsoft Visual Studio Solution File, Format Version 12.00
# Visual Studio 15
VisualStudioVersion = 15.0.28010.2046
MinimumVisualStudioVersion = 10.0.40219.1
Project("{FAE04EC0-301F-11D3-BF4B-00C04F79EFBC}") = "Source", "Source\Source.csproj", "{36BE681C-CA5C-4475-982F-C128153137CF}"
EndProject
Global
	GlobalSection(SolutionConfigurationPlatforms) = preSolution
		Debug|Any CPU = Debug|Any CPU
		Release|Any CPU = Release|Any CPU
	EndGlobalSection
	GlobalSection(ProjectConfigurationPlatforms) = postSolution
		{36BE681C-CA5C-4475-982F-C128153137CF}.Debug|Any CPU.ActiveCfg = Debug|Any CPU
		{36BE681C-CA5C-4475-982F-C128153137CF}.Debug|Any CPU.Build.0 = Debug|Any CPU
		{36BE681C-CA5C-4475-982F-C128153137CF}.Release|Any CPU.ActiveCfg = Release|Any CPU
		{36BE681C-CA5C-4475-982F-C128153137CF}.Release|Any CPU.Build.0 = Release|Any CPU
	EndGlobalSection
	GlobalSection(SolutionProperties) = preSolution
		HideSolutionNode = FALSE
	EndGlobalSection
	GlobalSection(ExtensibilityGlobals) = postSolution
		SolutionGuid = {0B0C5A33-2B6F-47A6-9354-E204A176D2DE}
	EndGlobalSection
EndGlobal
